
Microsoft Visual Studio Solution File, Format Version 12.00
# Visual Studio Version 16
VisualStudioVersion = 16.0.31129.286
MinimumVisualStudioVersion = 10.0.40219.1
Project("{FAE04EC0-301F-11D3-BF4B-00C04F79EFBC}") = "problem_1", "problem_1\problem_1.csproj", "{C5034D5C-5801-48EA-B505-C2FA75A0E7A6}"
EndProject
Global
	GlobalSection(SolutionConfigurationPlatforms) = preSolution
		Debug|Any CPU = Debug|Any CPU
		Release|Any CPU = Release|Any CPU
	EndGlobalSection
	GlobalSection(ProjectConfigurationPlatforms) = postSolution
		{C5034D5C-5801-48EA-B505-C2FA75A0E7A6}.Debug|Any CPU.ActiveCfg = Debug|Any CPU
		{C5034D5C-5801-48EA-B505-C2FA75A0E7A6}.Debug|Any CPU.Build.0 = Debug|Any CPU
		{C5034D5C-5801-48EA-B505-C2FA75A0E7A6}.Release|Any CPU.ActiveCfg = Release|Any CPU
		{C5034D5C-5801-48EA-B505-C2FA75A0E7A6}.Release|Any CPU.Build.0 = Release|Any CPU
	EndGlobalSection
	GlobalSection(SolutionProperties) = preSolution
		HideSolutionNode = FALSE
	EndGlobalSection
	GlobalSection(ExtensibilityGlobals) = postSolution
		SolutionGuid = {4A4BCE86-4AE9-438F-9AEB-3BD0E883EB38}
	EndGlobalSection
EndGlobal
